
Microsoft Visual Studio Solution File, Format Version 12.00
# Visual Studio Version 17
VisualStudioVersion = 17.1.32421.90
MinimumVisualStudioVersion = 10.0.40219.1
Project("{FAE04EC0-301F-11D3-BF4B-00C04F79EFBC}") = "TemplateBasedApplication", "TemplateBasedApplication\TemplateBasedApplication.csproj", "{A369BE8E-DEDC-40A8-877B-1723D147B655}"
EndProject
Global
	GlobalSection(SolutionConfigurationPlatforms) = preSolution
		Debug|Any CPU = Debug|Any CPU
		Release|Any CPU = Release|Any CPU
	EndGlobalSection
	GlobalSection(ProjectConfigurationPlatforms) = postSolution
		{A369BE8E-DEDC-40A8-877B-1723D147B655}.Debug|Any CPU.ActiveCfg = Debug|Any CPU
		{A369BE8E-DEDC-40A8-877B-1723D147B655}.Debug|Any CPU.Build.0 = Debug|Any CPU
		{A369BE8E-DEDC-40A8-877B-1723D147B655}.Release|Any CPU.ActiveCfg = Release|Any CPU
		{A369BE8E-DEDC-40A8-877B-1723D147B655}.Release|Any CPU.Build.0 = Release|Any CPU
	EndGlobalSection
	GlobalSection(SolutionProperties) = preSolution
		HideSolutionNode = FALSE
	EndGlobalSection
	GlobalSection(ExtensibilityGlobals) = postSolution
		SolutionGuid = {F5B49704-653F-4196-853B-C70C1A2AAD19}
	EndGlobalSection
EndGlobal
